
Microsoft Visual Studio Solution File, Format Version 12.00
# Visual Studio Version 16
VisualStudioVersion = 16.0.30204.135
MinimumVisualStudioVersion = 10.0.40219.1
Project("{2150E333-8FDC-42A3-9474-1A3956D46DE8}") = "English", "English", "{9E6B7D73-09EB-4428-9500-0650E24952AB}"
EndProject
Project("{2150E333-8FDC-42A3-9474-1A3956D46DE8}") = "Portugues", "Portugues", "{08B78636-0B28-44C3-8F06-4D42B2A39D59}"
EndProject
Project("{2150E333-8FDC-42A3-9474-1A3956D46DE8}") = "Session 1", "Session 1", "{BB121248-ACD2-4954-919C-61405D1C328B}"
EndProject
Project("{2150E333-8FDC-42A3-9474-1A3956D46DE8}") = "Session 2", "Session 2", "{3E59ADC1-C49A-4F83-9765-440BFC819F75}"
EndProject
Project("{2150E333-8FDC-42A3-9474-1A3956D46DE8}") = "Session 3", "Session 3", "{AE22BECA-19F1-498D-BEB8-D4909C2345DB}"
EndProject
Project("{2150E333-8FDC-42A3-9474-1A3956D46DE8}") = "Aula 1", "Aula 1", "{DB7ADB51-A2CB-460E-A1BD-F7EC4B9101C1}"
EndProject
Project("{2150E333-8FDC-42A3-9474-1A3956D46DE8}") = "Aula 2", "Aula 2", "{66991D8D-EBCE-4B9C-9534-1C3777980BBC}"
EndProject
Project("{2150E333-8FDC-42A3-9474-1A3956D46DE8}") = "Aula 3", "Aula 3", "{0E50BEA2-F10A-4621-B7AC-7927CDDEEA62}"
EndProject
Project("{FAE04EC0-301F-11D3-BF4B-00C04F79EFBC}") = "Examples1", "English\Session 1\Examples1\Examples1.csproj", "{55A9873D-EAB9-4AD4-A702-97A98402C468}"
EndProject
Project("{FAE04EC0-301F-11D3-BF4B-00C04F79EFBC}") = "Examples 2", "English\Session 2\Examples 2\Examples 2.csproj", "{76441877-EB3D-4CEA-9854-C8F815EA16C0}"
EndProject
Project("{FAE04EC0-301F-11D3-BF4B-00C04F79EFBC}") = "Exemplos1", "Portugues\Aula 1\Exemplos1\Exemplos1.csproj", "{0C77DE18-6ECB-4E37-8EE5-0CC083D8965A}"
EndProject
Project("{FAE04EC0-301F-11D3-BF4B-00C04F79EFBC}") = "Exemplos2", "Exemplos2\Exemplos2.csproj", "{A0E63E4B-F096-47E1-8549-923CF57F90DD}"
EndProject
Global
	GlobalSection(SolutionConfigurationPlatforms) = preSolution
		Debug|Any CPU = Debug|Any CPU
		Release|Any CPU = Release|Any CPU
	EndGlobalSection
	GlobalSection(ProjectConfigurationPlatforms) = postSolution
		{55A9873D-EAB9-4AD4-A702-97A98402C468}.Debug|Any CPU.ActiveCfg = Debug|Any CPU
		{55A9873D-EAB9-4AD4-A702-97A98402C468}.Debug|Any CPU.Build.0 = Debug|Any CPU
		{55A9873D-EAB9-4AD4-A702-97A98402C468}.Release|Any CPU.ActiveCfg = Release|Any CPU
		{55A9873D-EAB9-4AD4-A702-97A98402C468}.Release|Any CPU.Build.0 = Release|Any CPU
		{76441877-EB3D-4CEA-9854-C8F815EA16C0}.Debug|Any CPU.ActiveCfg = Debug|Any CPU
		{76441877-EB3D-4CEA-9854-C8F815EA16C0}.Debug|Any CPU.Build.0 = Debug|Any CPU
		{76441877-EB3D-4CEA-9854-C8F815EA16C0}.Release|Any CPU.ActiveCfg = Release|Any CPU
		{76441877-EB3D-4CEA-9854-C8F815EA16C0}.Release|Any CPU.Build.0 = Release|Any CPU
		{0C77DE18-6ECB-4E37-8EE5-0CC083D8965A}.Debug|Any CPU.ActiveCfg = Debug|Any CPU
		{0C77DE18-6ECB-4E37-8EE5-0CC083D8965A}.Debug|Any CPU.Build.0 = Debug|Any CPU
		{0C77DE18-6ECB-4E37-8EE5-0CC083D8965A}.Release|Any CPU.ActiveCfg = Release|Any CPU
		{0C77DE18-6ECB-4E37-8EE5-0CC083D8965A}.Release|Any CPU.Build.0 = Release|Any CPU
		{A0E63E4B-F096-47E1-8549-923CF57F90DD}.Debug|Any CPU.ActiveCfg = Debug|Any CPU
		{A0E63E4B-F096-47E1-8549-923CF57F90DD}.Debug|Any CPU.Build.0 = Debug|Any CPU
		{A0E63E4B-F096-47E1-8549-923CF57F90DD}.Release|Any CPU.ActiveCfg = Release|Any CPU
		{A0E63E4B-F096-47E1-8549-923CF57F90DD}.Release|Any CPU.Build.0 = Release|Any CPU
	EndGlobalSection
	GlobalSection(SolutionProperties) = preSolution
		HideSolutionNode = FALSE
	EndGlobalSection
	GlobalSection(NestedProjects) = preSolution
		{BB121248-ACD2-4954-919C-61405D1C328B} = {9E6B7D73-09EB-4428-9500-0650E24952AB}
		{3E59ADC1-C49A-4F83-9765-440BFC819F75} = {9E6B7D73-09EB-4428-9500-0650E24952AB}
		{AE22BECA-19F1-498D-BEB8-D4909C2345DB} = {9E6B7D73-09EB-4428-9500-0650E24952AB}
		{DB7ADB51-A2CB-460E-A1BD-F7EC4B9101C1} = {08B78636-0B28-44C3-8F06-4D42B2A39D59}
		{66991D8D-EBCE-4B9C-9534-1C3777980BBC} = {08B78636-0B28-44C3-8F06-4D42B2A39D59}
		{0E50BEA2-F10A-4621-B7AC-7927CDDEEA62} = {08B78636-0B28-44C3-8F06-4D42B2A39D59}
		{55A9873D-EAB9-4AD4-A702-97A98402C468} = {BB121248-ACD2-4954-919C-61405D1C328B}
		{76441877-EB3D-4CEA-9854-C8F815EA16C0} = {3E59ADC1-C49A-4F83-9765-440BFC819F75}
		{0C77DE18-6ECB-4E37-8EE5-0CC083D8965A} = {DB7ADB51-A2CB-460E-A1BD-F7EC4B9101C1}
		{A0E63E4B-F096-47E1-8549-923CF57F90DD} = {66991D8D-EBCE-4B9C-9534-1C3777980BBC}
	EndGlobalSection
	GlobalSection(ExtensibilityGlobals) = postSolution
		SolutionGuid = {F0CC051F-C39D-4D3D-8F5B-73E0E5276DE2}
	EndGlobalSection
EndGlobal
